{
	"name": "sth-prod",
	"version": "1.0.0",
	"lockfileVersion": 2,
	"requires": true,
	"packages": {
		"": {
			"name": "sth-prod",
			"version": "1.0.0",
			"license": "GPL-3.0-or-later",
			"devDependencies": {
				"modern-css-reset": "^1.4.0",
				"uglifycss": "^0.0.29"
			}
		},
		"node_modules/modern-css-reset": {
			"version": "1.4.0",
			"resolved": "https://registry.npmjs.org/modern-css-reset/-/modern-css-reset-1.4.0.tgz",
			"integrity": "sha512-0crZmSFmrxkI7159rvQWjpDhy0u4+Awg/iOycJdlVn0RSeft/a+6BrQHR3IqvmdK25sqt0o6Z5Ap7cWgUee2rw==",
			"dev": true
		},
		"node_modules/uglifycss": {
			"version": "0.0.29",
			"resolved": "https://registry.npmjs.org/uglifycss/-/uglifycss-0.0.29.tgz",
			"integrity": "sha512-J2SQ2QLjiknNGbNdScaNZsXgmMGI0kYNrXaDlr4obnPW9ni1jljb1NeEVWAiTgZ8z+EBWP2ozfT9vpy03rjlMQ==",
			"dev": true,
			"bin": {
				"uglifycss": "uglifycss"
			},
			"engines": {
				"node": ">=6.4.0"
			}
		}
	},
	"dependencies": {
		"modern-css-reset": {
			"version": "1.4.0",
			"resolved": "https://registry.npmjs.org/modern-css-reset/-/modern-css-reset-1.4.0.tgz",
			"integrity": "sha512-0crZmSFmrxkI7159rvQWjpDhy0u4+Awg/iOycJdlVn0RSeft/a+6BrQHR3IqvmdK25sqt0o6Z5Ap7cWgUee2rw==",
			"dev": true
		},
		"uglifycss": {
			"version": "0.0.29",
			"resolved": "https://registry.npmjs.org/uglifycss/-/uglifycss-0.0.29.tgz",
			"integrity": "sha512-J2SQ2QLjiknNGbNdScaNZsXgmMGI0kYNrXaDlr4obnPW9ni1jljb1NeEVWAiTgZ8z+EBWP2ozfT9vpy03rjlMQ==",
			"dev": true
		}
	}
}
